
Microsoft Visual Studio Solution File, Format Version 12.00
# Visual Studio Version 16
VisualStudioVersion = 16.0.31515.178
MinimumVisualStudioVersion = 10.0.40219.1
Project("{888888A0-9F3D-457C-B088-3A5042F75D52}") = "MovieGuidePart1", "MovieGuidePart1.pyproj", "{3D6AB63E-18CC-457C-87EF-5E8E9E2A2DCB}"
EndProject
Global
	GlobalSection(SolutionConfigurationPlatforms) = preSolution
		Debug|Any CPU = Debug|Any CPU
		Release|Any CPU = Release|Any CPU
	EndGlobalSection
	GlobalSection(ProjectConfigurationPlatforms) = postSolution
		{3D6AB63E-18CC-457C-87EF-5E8E9E2A2DCB}.Debug|Any CPU.ActiveCfg = Debug|Any CPU
		{3D6AB63E-18CC-457C-87EF-5E8E9E2A2DCB}.Release|Any CPU.ActiveCfg = Release|Any CPU
	EndGlobalSection
	GlobalSection(SolutionProperties) = preSolution
		HideSolutionNode = FALSE
	EndGlobalSection
	GlobalSection(ExtensibilityGlobals) = postSolution
		SolutionGuid = {D3CF3892-0BE4-4B13-B673-F7C47961720F}
	EndGlobalSection
EndGlobal
